
Microsoft Visual Studio Solution File, Format Version 12.00
# Visual Studio Version 16
VisualStudioVersion = 16.0.28922.388
MinimumVisualStudioVersion = 10.0.40219.1
Project("{FAE04EC0-301F-11D3-BF4B-00C04F79EFBC}") = "OMS_API", "OMS_API\OMS_API.csproj", "{B534EBB9-1B88-4B1B-A3D5-37DAE5126882}"
EndProject
Global
	GlobalSection(SolutionConfigurationPlatforms) = preSolution
		Debug|Any CPU = Debug|Any CPU
		Release|Any CPU = Release|Any CPU
	EndGlobalSection
	GlobalSection(ProjectConfigurationPlatforms) = postSolution
		{B534EBB9-1B88-4B1B-A3D5-37DAE5126882}.Debug|Any CPU.ActiveCfg = Debug|Any CPU
		{B534EBB9-1B88-4B1B-A3D5-37DAE5126882}.Debug|Any CPU.Build.0 = Debug|Any CPU
		{B534EBB9-1B88-4B1B-A3D5-37DAE5126882}.Release|Any CPU.ActiveCfg = Release|Any CPU
		{B534EBB9-1B88-4B1B-A3D5-37DAE5126882}.Release|Any CPU.Build.0 = Release|Any CPU
	EndGlobalSection
	GlobalSection(SolutionProperties) = preSolution
		HideSolutionNode = FALSE
	EndGlobalSection
	GlobalSection(ExtensibilityGlobals) = postSolution
		SolutionGuid = {A13710B7-8034-46C4-A814-7C36D916F3D0}
	EndGlobalSection
EndGlobal
